
Microsoft Visual Studio Solution File, Format Version 12.00
# Visual Studio Version 16
VisualStudioVersion = 16.0.30225.117
MinimumVisualStudioVersion = 10.0.40219.1
Project("{9A19103F-16F7-4668-BE54-9A1E7A4F7556}") = "FreshingStore.API", "FreshingStore.API\FreshingStore.API.csproj", "{20688A6D-7733-486D-B53B-320116A78739}"
EndProject
Project("{9A19103F-16F7-4668-BE54-9A1E7A4F7556}") = "FreshingStore.Core", "FreshingStore.Core\FreshingStore.Core.csproj", "{2FB342C3-68C6-499D-BC60-5D288EA086E8}"
EndProject
Project("{9A19103F-16F7-4668-BE54-9A1E7A4F7556}") = "FreshingStore.Repo", "FreshingStore.Repo\FreshingStore.Repo.csproj", "{F8EEC708-529B-4330-B6CC-1709F867FC1A}"
EndProject
Project("{9A19103F-16F7-4668-BE54-9A1E7A4F7556}") = "FreshingStore.Service", "FreshingStore.Service\FreshingStore.Service.csproj", "{AA90456E-DDD0-4DE5-899D-D554C8CAF3E7}"
EndProject
Project("{9A19103F-16F7-4668-BE54-9A1E7A4F7556}") = "FreshingStore.Logger", "FreshingStore.Logger\FreshingStore.Logger.csproj", "{03E85539-30CD-42E9-88E2-107F89ADF650}"
EndProject
Project("{9A19103F-16F7-4668-BE54-9A1E7A4F7556}") = "FreshingStore.Web", "FreshingStore.Web\FreshingStore.Web.csproj", "{7C3A8459-B2FE-4F0A-9742-63D736123EC8}"
EndProject
Project("{9A19103F-16F7-4668-BE54-9A1E7A4F7556}") = "FreshingStore.Models", "FreshingStore.Models\FreshingStore.Models.csproj", "{1AD952C3-AA3A-4A96-9665-35111AC006E9}"
EndProject
Project("{FAE04EC0-301F-11D3-BF4B-00C04F79EFBC}") = "FreshingStore.Moq", "FreshingStore.Moq\FreshingStore.Moq.csproj", "{4651864E-E2C0-4E18-B184-5EFBC61E0BE5}"
EndProject
Project("{FAE04EC0-301F-11D3-BF4B-00C04F79EFBC}") = "FreshingStore.IntegrationTests", "FreshingStore.IntegrationTests\FreshingStore.IntegrationTests.csproj", "{B342C7FC-173F-4DA5-B2AD-17F05038F2C4}"
EndProject
Global
	GlobalSection(SolutionConfigurationPlatforms) = preSolution
		Debug|Any CPU = Debug|Any CPU
		Release|Any CPU = Release|Any CPU
	EndGlobalSection
	GlobalSection(ProjectConfigurationPlatforms) = postSolution
		{20688A6D-7733-486D-B53B-320116A78739}.Debug|Any CPU.ActiveCfg = Debug|Any CPU
		{20688A6D-7733-486D-B53B-320116A78739}.Debug|Any CPU.Build.0 = Debug|Any CPU
		{20688A6D-7733-486D-B53B-320116A78739}.Release|Any CPU.ActiveCfg = Release|Any CPU
		{20688A6D-7733-486D-B53B-320116A78739}.Release|Any CPU.Build.0 = Release|Any CPU
		{2FB342C3-68C6-499D-BC60-5D288EA086E8}.Debug|Any CPU.ActiveCfg = Debug|Any CPU
		{2FB342C3-68C6-499D-BC60-5D288EA086E8}.Debug|Any CPU.Build.0 = Debug|Any CPU
		{2FB342C3-68C6-499D-BC60-5D288EA086E8}.Release|Any CPU.ActiveCfg = Release|Any CPU
		{2FB342C3-68C6-499D-BC60-5D288EA086E8}.Release|Any CPU.Build.0 = Release|Any CPU
		{F8EEC708-529B-4330-B6CC-1709F867FC1A}.Debug|Any CPU.ActiveCfg = Debug|Any CPU
		{F8EEC708-529B-4330-B6CC-1709F867FC1A}.Debug|Any CPU.Build.0 = Debug|Any CPU
		{F8EEC708-529B-4330-B6CC-1709F867FC1A}.Release|Any CPU.ActiveCfg = Release|Any CPU
		{F8EEC708-529B-4330-B6CC-1709F867FC1A}.Release|Any CPU.Build.0 = Release|Any CPU
		{AA90456E-DDD0-4DE5-899D-D554C8CAF3E7}.Debug|Any CPU.ActiveCfg = Debug|Any CPU
		{AA90456E-DDD0-4DE5-899D-D554C8CAF3E7}.Debug|Any CPU.Build.0 = Debug|Any CPU
		{AA90456E-DDD0-4DE5-899D-D554C8CAF3E7}.Release|Any CPU.ActiveCfg = Release|Any CPU
		{AA90456E-DDD0-4DE5-899D-D554C8CAF3E7}.Release|Any CPU.Build.0 = Release|Any CPU
		{03E85539-30CD-42E9-88E2-107F89ADF650}.Debug|Any CPU.ActiveCfg = Debug|Any CPU
		{03E85539-30CD-42E9-88E2-107F89ADF650}.Debug|Any CPU.Build.0 = Debug|Any CPU
		{03E85539-30CD-42E9-88E2-107F89ADF650}.Release|Any CPU.ActiveCfg = Release|Any CPU
		{03E85539-30CD-42E9-88E2-107F89ADF650}.Release|Any CPU.Build.0 = Release|Any CPU
		{7C3A8459-B2FE-4F0A-9742-63D736123EC8}.Debug|Any CPU.ActiveCfg = Debug|Any CPU
		{7C3A8459-B2FE-4F0A-9742-63D736123EC8}.Debug|Any CPU.Build.0 = Debug|Any CPU
		{7C3A8459-B2FE-4F0A-9742-63D736123EC8}.Release|Any CPU.ActiveCfg = Release|Any CPU
		{7C3A8459-B2FE-4F0A-9742-63D736123EC8}.Release|Any CPU.Build.0 = Release|Any CPU
		{1AD952C3-AA3A-4A96-9665-35111AC006E9}.Debug|Any CPU.ActiveCfg = Debug|Any CPU
		{1AD952C3-AA3A-4A96-9665-35111AC006E9}.Debug|Any CPU.Build.0 = Debug|Any CPU
		{1AD952C3-AA3A-4A96-9665-35111AC006E9}.Release|Any CPU.ActiveCfg = Release|Any CPU
		{1AD952C3-AA3A-4A96-9665-35111AC006E9}.Release|Any CPU.Build.0 = Release|Any CPU
		{4651864E-E2C0-4E18-B184-5EFBC61E0BE5}.Debug|Any CPU.ActiveCfg = Debug|Any CPU
		{4651864E-E2C0-4E18-B184-5EFBC61E0BE5}.Debug|Any CPU.Build.0 = Debug|Any CPU
		{4651864E-E2C0-4E18-B184-5EFBC61E0BE5}.Release|Any CPU.ActiveCfg = Release|Any CPU
		{4651864E-E2C0-4E18-B184-5EFBC61E0BE5}.Release|Any CPU.Build.0 = Release|Any CPU
		{B342C7FC-173F-4DA5-B2AD-17F05038F2C4}.Debug|Any CPU.ActiveCfg = Debug|Any CPU
		{B342C7FC-173F-4DA5-B2AD-17F05038F2C4}.Debug|Any CPU.Build.0 = Debug|Any CPU
		{B342C7FC-173F-4DA5-B2AD-17F05038F2C4}.Release|Any CPU.ActiveCfg = Release|Any CPU
		{B342C7FC-173F-4DA5-B2AD-17F05038F2C4}.Release|Any CPU.Build.0 = Release|Any CPU
	EndGlobalSection
	GlobalSection(SolutionProperties) = preSolution
		HideSolutionNode = FALSE
	EndGlobalSection
	GlobalSection(ExtensibilityGlobals) = postSolution
		SolutionGuid = {40AEF96A-897C-45D3-BFFA-3322330AF581}
	EndGlobalSection
EndGlobal
