
Microsoft Visual Studio Solution File, Format Version 12.00
# Visual Studio Version 16
VisualStudioVersion = 16.0.30104.148
MinimumVisualStudioVersion = 10.0.40219.1
Project("{FAE04EC0-301F-11D3-BF4B-00C04F79EFBC}") = "CSharp8", "CSharp8\CSharp8.csproj", "{BB580152-5776-4062-8BB0-08A2D3AA6BE4}"
EndProject
Global
	GlobalSection(SolutionConfigurationPlatforms) = preSolution
		Debug|Any CPU = Debug|Any CPU
		Release|Any CPU = Release|Any CPU
	EndGlobalSection
	GlobalSection(ProjectConfigurationPlatforms) = postSolution
		{BB580152-5776-4062-8BB0-08A2D3AA6BE4}.Debug|Any CPU.ActiveCfg = Debug|Any CPU
		{BB580152-5776-4062-8BB0-08A2D3AA6BE4}.Debug|Any CPU.Build.0 = Debug|Any CPU
		{BB580152-5776-4062-8BB0-08A2D3AA6BE4}.Release|Any CPU.ActiveCfg = Release|Any CPU
		{BB580152-5776-4062-8BB0-08A2D3AA6BE4}.Release|Any CPU.Build.0 = Release|Any CPU
	EndGlobalSection
	GlobalSection(SolutionProperties) = preSolution
		HideSolutionNode = FALSE
	EndGlobalSection
	GlobalSection(ExtensibilityGlobals) = postSolution
		SolutionGuid = {5B71E42C-F662-458E-9202-377BB7BBF27A}
	EndGlobalSection
EndGlobal
