
Microsoft Visual Studio Solution File, Format Version 12.00
# Visual Studio Version 16
VisualStudioVersion = 16.0.30204.135
MinimumVisualStudioVersion = 10.0.40219.1
Project("{9A19103F-16F7-4668-BE54-9A1E7A4F7556}") = "Basic", "Basic\Basic.csproj", "{ED9FED51-1425-430B-AF4F-667ADD904834}"
EndProject
Project("{9A19103F-16F7-4668-BE54-9A1E7A4F7556}") = "IdentityExample", "IdentityExample\IdentityExample.csproj", "{27A9F6F7-A1AB-4792-B7DC-3268616DDC50}"
EndProject
Global
	GlobalSection(SolutionConfigurationPlatforms) = preSolution
		Debug|Any CPU = Debug|Any CPU
		Release|Any CPU = Release|Any CPU
	EndGlobalSection
	GlobalSection(ProjectConfigurationPlatforms) = postSolution
		{ED9FED51-1425-430B-AF4F-667ADD904834}.Debug|Any CPU.ActiveCfg = Debug|Any CPU
		{ED9FED51-1425-430B-AF4F-667ADD904834}.Debug|Any CPU.Build.0 = Debug|Any CPU
		{ED9FED51-1425-430B-AF4F-667ADD904834}.Release|Any CPU.ActiveCfg = Release|Any CPU
		{ED9FED51-1425-430B-AF4F-667ADD904834}.Release|Any CPU.Build.0 = Release|Any CPU
		{27A9F6F7-A1AB-4792-B7DC-3268616DDC50}.Debug|Any CPU.ActiveCfg = Debug|Any CPU
		{27A9F6F7-A1AB-4792-B7DC-3268616DDC50}.Debug|Any CPU.Build.0 = Debug|Any CPU
		{27A9F6F7-A1AB-4792-B7DC-3268616DDC50}.Release|Any CPU.ActiveCfg = Release|Any CPU
		{27A9F6F7-A1AB-4792-B7DC-3268616DDC50}.Release|Any CPU.Build.0 = Release|Any CPU
	EndGlobalSection
	GlobalSection(SolutionProperties) = preSolution
		HideSolutionNode = FALSE
	EndGlobalSection
	GlobalSection(ExtensibilityGlobals) = postSolution
		SolutionGuid = {19C9CDA2-02BA-483F-8385-8C2F328129CB}
	EndGlobalSection
EndGlobal
