
Microsoft Visual Studio Solution File, Format Version 12.00
# Visual Studio Version 16
VisualStudioVersion = 16.0.30104.148
MinimumVisualStudioVersion = 10.0.40219.1
Project("{FAE04EC0-301F-11D3-BF4B-00C04F79EFBC}") = "CourseLibrary.API", "CourseLibrary.API\CourseLibrary.API.csproj", "{89777E6A-F958-47C4-9AD0-B87585D6FC64}"
EndProject
Global
	GlobalSection(SolutionConfigurationPlatforms) = preSolution
		Debug|Any CPU = Debug|Any CPU
		Release|Any CPU = Release|Any CPU
	EndGlobalSection
	GlobalSection(ProjectConfigurationPlatforms) = postSolution
		{89777E6A-F958-47C4-9AD0-B87585D6FC64}.Debug|Any CPU.ActiveCfg = Debug|Any CPU
		{89777E6A-F958-47C4-9AD0-B87585D6FC64}.Debug|Any CPU.Build.0 = Debug|Any CPU
		{89777E6A-F958-47C4-9AD0-B87585D6FC64}.Release|Any CPU.ActiveCfg = Release|Any CPU
		{89777E6A-F958-47C4-9AD0-B87585D6FC64}.Release|Any CPU.Build.0 = Release|Any CPU
	EndGlobalSection
	GlobalSection(SolutionProperties) = preSolution
		HideSolutionNode = FALSE
	EndGlobalSection
	GlobalSection(ExtensibilityGlobals) = postSolution
		SolutionGuid = {442F23CF-B35B-4865-9004-863CC78B6579}
	EndGlobalSection
EndGlobal
